
Microsoft Visual Studio Solution File, Format Version 12.00
# Visual Studio Version 16
VisualStudioVersion = 16.0.31624.102
MinimumVisualStudioVersion = 10.0.40219.1
Project("{FAE04EC0-301F-11D3-BF4B-00C04F79EFBC}") = "Delegate_Demo", "Delegate_Demo\Delegate_Demo.csproj", "{4C0C51C5-D579-40E5-B97C-6BF9C6752619}"
EndProject
Project("{FAE04EC0-301F-11D3-BF4B-00C04F79EFBC}") = "Hash_Table_Demo", "Hash_Table_Demo\Hash_Table_Demo.csproj", "{F92CE9AA-BD4C-4C81-B272-7D49F84BAF9B}"
EndProject
Project("{FAE04EC0-301F-11D3-BF4B-00C04F79EFBC}") = "EventsDemo", "EventsDemo\EventsDemo.csproj", "{2D63325E-B6F0-473A-A874-ADC9AFE782B8}"
EndProject
Project("{FAE04EC0-301F-11D3-BF4B-00C04F79EFBC}") = "BinarySearchTreeDemo", "BinarySearchTreeDemo\BinarySearchTreeDemo.csproj", "{570C9B31-C630-4347-AA63-50B196D8D06B}"
EndProject
Global
	GlobalSection(SolutionConfigurationPlatforms) = preSolution
		Debug|Any CPU = Debug|Any CPU
		Release|Any CPU = Release|Any CPU
	EndGlobalSection
	GlobalSection(ProjectConfigurationPlatforms) = postSolution
		{4C0C51C5-D579-40E5-B97C-6BF9C6752619}.Debug|Any CPU.ActiveCfg = Debug|Any CPU
		{4C0C51C5-D579-40E5-B97C-6BF9C6752619}.Debug|Any CPU.Build.0 = Debug|Any CPU
		{4C0C51C5-D579-40E5-B97C-6BF9C6752619}.Release|Any CPU.ActiveCfg = Release|Any CPU
		{4C0C51C5-D579-40E5-B97C-6BF9C6752619}.Release|Any CPU.Build.0 = Release|Any CPU
		{F92CE9AA-BD4C-4C81-B272-7D49F84BAF9B}.Debug|Any CPU.ActiveCfg = Debug|Any CPU
		{F92CE9AA-BD4C-4C81-B272-7D49F84BAF9B}.Debug|Any CPU.Build.0 = Debug|Any CPU
		{F92CE9AA-BD4C-4C81-B272-7D49F84BAF9B}.Release|Any CPU.ActiveCfg = Release|Any CPU
		{F92CE9AA-BD4C-4C81-B272-7D49F84BAF9B}.Release|Any CPU.Build.0 = Release|Any CPU
		{2D63325E-B6F0-473A-A874-ADC9AFE782B8}.Debug|Any CPU.ActiveCfg = Debug|Any CPU
		{2D63325E-B6F0-473A-A874-ADC9AFE782B8}.Debug|Any CPU.Build.0 = Debug|Any CPU
		{2D63325E-B6F0-473A-A874-ADC9AFE782B8}.Release|Any CPU.ActiveCfg = Release|Any CPU
		{2D63325E-B6F0-473A-A874-ADC9AFE782B8}.Release|Any CPU.Build.0 = Release|Any CPU
		{570C9B31-C630-4347-AA63-50B196D8D06B}.Debug|Any CPU.ActiveCfg = Debug|Any CPU
		{570C9B31-C630-4347-AA63-50B196D8D06B}.Debug|Any CPU.Build.0 = Debug|Any CPU
		{570C9B31-C630-4347-AA63-50B196D8D06B}.Release|Any CPU.ActiveCfg = Release|Any CPU
		{570C9B31-C630-4347-AA63-50B196D8D06B}.Release|Any CPU.Build.0 = Release|Any CPU
	EndGlobalSection
	GlobalSection(SolutionProperties) = preSolution
		HideSolutionNode = FALSE
	EndGlobalSection
	GlobalSection(ExtensibilityGlobals) = postSolution
		SolutionGuid = {739D0061-E5AE-41D5-A217-7DFC934671AD}
	EndGlobalSection
EndGlobal
